
Microsoft Visual Studio Solution File, Format Version 12.00
# Visual Studio Version 17
VisualStudioVersion = 17.11.35208.52
MinimumVisualStudioVersion = 10.0.40219.1
Project("{FAE04EC0-301F-11D3-BF4B-00C04F79EFBC}") = "StudentLibrary", "StudentLibrary\StudentLibrary.csproj", "{209A2FD4-0D87-46A3-BAF2-DA3EA27ACD2F}"
EndProject
Global
	GlobalSection(SolutionConfigurationPlatforms) = preSolution
		Debug|Any CPU = Debug|Any CPU
		Release|Any CPU = Release|Any CPU
	EndGlobalSection
	GlobalSection(ProjectConfigurationPlatforms) = postSolution
		{209A2FD4-0D87-46A3-BAF2-DA3EA27ACD2F}.Debug|Any CPU.ActiveCfg = Debug|Any CPU
		{209A2FD4-0D87-46A3-BAF2-DA3EA27ACD2F}.Debug|Any CPU.Build.0 = Debug|Any CPU
		{209A2FD4-0D87-46A3-BAF2-DA3EA27ACD2F}.Release|Any CPU.ActiveCfg = Release|Any CPU
		{209A2FD4-0D87-46A3-BAF2-DA3EA27ACD2F}.Release|Any CPU.Build.0 = Release|Any CPU
	EndGlobalSection
	GlobalSection(SolutionProperties) = preSolution
		HideSolutionNode = FALSE
	EndGlobalSection
	GlobalSection(ExtensibilityGlobals) = postSolution
		SolutionGuid = {D248EC2F-198E-41E4-9ABB-2503FD92F889}
	EndGlobalSection
EndGlobal
